
Microsoft Visual Studio Solution File, Format Version 12.00
# Visual Studio Version 16
VisualStudioVersion = 16.0.32413.511
MinimumVisualStudioVersion = 10.0.40219.1
Project("{9A19103F-16F7-4668-BE54-9A1E7A4F7556}") = "AssemblyCSharp", "AssemblyCSharp\AssemblyCSharp.csproj", "{59E2E742-23DE-4323-80E4-4385D6AB6F7D}"
EndProject
Global
	GlobalSection(SolutionConfigurationPlatforms) = preSolution
		Debug|Any CPU = Debug|Any CPU
		Release|Any CPU = Release|Any CPU
	EndGlobalSection
	GlobalSection(ProjectConfigurationPlatforms) = postSolution
		{59E2E742-23DE-4323-80E4-4385D6AB6F7D}.Debug|Any CPU.ActiveCfg = Debug|Any CPU
		{59E2E742-23DE-4323-80E4-4385D6AB6F7D}.Debug|Any CPU.Build.0 = Debug|Any CPU
		{59E2E742-23DE-4323-80E4-4385D6AB6F7D}.Release|Any CPU.ActiveCfg = Release|Any CPU
		{59E2E742-23DE-4323-80E4-4385D6AB6F7D}.Release|Any CPU.Build.0 = Release|Any CPU
	EndGlobalSection
	GlobalSection(SolutionProperties) = preSolution
		HideSolutionNode = FALSE
	EndGlobalSection
	GlobalSection(ExtensibilityGlobals) = postSolution
		SolutionGuid = {349BDC99-94A9-4986-AB07-FCE153DA63CE}
	EndGlobalSection
EndGlobal
